
Microsoft Visual Studio Solution File, Format Version 12.00
# Visual Studio Version 16
VisualStudioVersion = 16.0.29509.3
MinimumVisualStudioVersion = 10.0.40219.1
Project("{9A19103F-16F7-4668-BE54-9A1E7A4F7556}") = "OOP", "OOP\OOP.csproj", "{77F83171-B3B0-42BC-ACBA-970848677F4E}"
EndProject
Project("{9A19103F-16F7-4668-BE54-9A1E7A4F7556}") = "EFcore", "EFcore\EFcore.csproj", "{0AB3C401-605A-4296-BD78-593A9AE3C4B4}"
EndProject
Project("{9A19103F-16F7-4668-BE54-9A1E7A4F7556}") = "di_sample", "di_sample\di_sample\di_sample.csproj", "{2ACD5D8D-EFD3-46C0-A3AF-FF89000E1B7C}"
EndProject
Global
	GlobalSection(SolutionConfigurationPlatforms) = preSolution
		Debug|Any CPU = Debug|Any CPU
		Release|Any CPU = Release|Any CPU
	EndGlobalSection
	GlobalSection(ProjectConfigurationPlatforms) = postSolution
		{77F83171-B3B0-42BC-ACBA-970848677F4E}.Debug|Any CPU.ActiveCfg = Debug|Any CPU
		{77F83171-B3B0-42BC-ACBA-970848677F4E}.Debug|Any CPU.Build.0 = Debug|Any CPU
		{77F83171-B3B0-42BC-ACBA-970848677F4E}.Release|Any CPU.ActiveCfg = Release|Any CPU
		{77F83171-B3B0-42BC-ACBA-970848677F4E}.Release|Any CPU.Build.0 = Release|Any CPU
		{0AB3C401-605A-4296-BD78-593A9AE3C4B4}.Debug|Any CPU.ActiveCfg = Debug|Any CPU
		{0AB3C401-605A-4296-BD78-593A9AE3C4B4}.Debug|Any CPU.Build.0 = Debug|Any CPU
		{0AB3C401-605A-4296-BD78-593A9AE3C4B4}.Release|Any CPU.ActiveCfg = Release|Any CPU
		{0AB3C401-605A-4296-BD78-593A9AE3C4B4}.Release|Any CPU.Build.0 = Release|Any CPU
		{2ACD5D8D-EFD3-46C0-A3AF-FF89000E1B7C}.Debug|Any CPU.ActiveCfg = Debug|Any CPU
		{2ACD5D8D-EFD3-46C0-A3AF-FF89000E1B7C}.Debug|Any CPU.Build.0 = Debug|Any CPU
		{2ACD5D8D-EFD3-46C0-A3AF-FF89000E1B7C}.Release|Any CPU.ActiveCfg = Release|Any CPU
		{2ACD5D8D-EFD3-46C0-A3AF-FF89000E1B7C}.Release|Any CPU.Build.0 = Release|Any CPU
	EndGlobalSection
	GlobalSection(SolutionProperties) = preSolution
		HideSolutionNode = FALSE
	EndGlobalSection
	GlobalSection(ExtensibilityGlobals) = postSolution
		SolutionGuid = {D71A9959-6542-47FC-8B1C-0622FB536557}
	EndGlobalSection
EndGlobal
