
Microsoft Visual Studio Solution File, Format Version 12.00
# Visual Studio Version 16
VisualStudioVersion = 16.0.30804.86
MinimumVisualStudioVersion = 10.0.40219.1
Project("{FAE04EC0-301F-11D3-BF4B-00C04F79EFBC}") = "di_sample", "di_sample\di_sample.csproj", "{F87CCE9F-49D5-4A11-9767-4E378BD66E9F}"
EndProject
Global
	GlobalSection(SolutionConfigurationPlatforms) = preSolution
		Debug|Any CPU = Debug|Any CPU
		Release|Any CPU = Release|Any CPU
	EndGlobalSection
	GlobalSection(ProjectConfigurationPlatforms) = postSolution
		{F87CCE9F-49D5-4A11-9767-4E378BD66E9F}.Debug|Any CPU.ActiveCfg = Debug|Any CPU
		{F87CCE9F-49D5-4A11-9767-4E378BD66E9F}.Debug|Any CPU.Build.0 = Debug|Any CPU
		{F87CCE9F-49D5-4A11-9767-4E378BD66E9F}.Release|Any CPU.ActiveCfg = Release|Any CPU
		{F87CCE9F-49D5-4A11-9767-4E378BD66E9F}.Release|Any CPU.Build.0 = Release|Any CPU
	EndGlobalSection
	GlobalSection(SolutionProperties) = preSolution
		HideSolutionNode = FALSE
	EndGlobalSection
	GlobalSection(ExtensibilityGlobals) = postSolution
		SolutionGuid = {C3A69B19-D171-463F-B869-8B0DB3C4B56E}
	EndGlobalSection
EndGlobal
